
Microsoft Visual Studio Solution File, Format Version 12.00
# Visual Studio Version 17
VisualStudioVersion = 17.8.34322.80
MinimumVisualStudioVersion = 10.0.40219.1
Project("{FAE04EC0-301F-11D3-BF4B-00C04F79EFBC}") = "Playground", "Playground\Playground.csproj", "{878BEBD3-F1D6-4506-8303-23E3B87239EE}"
EndProject
Global
	GlobalSection(SolutionConfigurationPlatforms) = preSolution
		Debug|Any CPU = Debug|Any CPU
		Release|Any CPU = Release|Any CPU
	EndGlobalSection
	GlobalSection(ProjectConfigurationPlatforms) = postSolution
		{878BEBD3-F1D6-4506-8303-23E3B87239EE}.Debug|Any CPU.ActiveCfg = Debug|Any CPU
		{878BEBD3-F1D6-4506-8303-23E3B87239EE}.Debug|Any CPU.Build.0 = Debug|Any CPU
		{878BEBD3-F1D6-4506-8303-23E3B87239EE}.Release|Any CPU.ActiveCfg = Release|Any CPU
		{878BEBD3-F1D6-4506-8303-23E3B87239EE}.Release|Any CPU.Build.0 = Release|Any CPU
	EndGlobalSection
	GlobalSection(SolutionProperties) = preSolution
		HideSolutionNode = FALSE
	EndGlobalSection
	GlobalSection(ExtensibilityGlobals) = postSolution
		SolutionGuid = {544E703D-54BF-4E6A-9C9F-27771A4F7961}
	EndGlobalSection
EndGlobal
